
Microsoft Visual Studio Solution File, Format Version 12.00
# Visual Studio Version 17
VisualStudioVersion = 17.5.33414.496
MinimumVisualStudioVersion = 10.0.40219.1
Project("{9A19103F-16F7-4668-BE54-9A1E7A4F7556}") = "MillipedeOfWords.Test", "MillipedeOfWords.Test\MillipedeOfWords.Test.csproj", "{0E0031C9-D1AC-4F0D-A97F-E193229103EA}"
EndProject
Project("{FAE04EC0-301F-11D3-BF4B-00C04F79EFBC}") = "MillipedeOfWords.BL", "MillipedeOfWords.BL\MillipedeOfWords.BL.csproj", "{8DF1A2F3-7862-4211-9251-C7A8DA108FF8}"
EndProject
Global
	GlobalSection(SolutionConfigurationPlatforms) = preSolution
		Debug|Any CPU = Debug|Any CPU
		Release|Any CPU = Release|Any CPU
	EndGlobalSection
	GlobalSection(ProjectConfigurationPlatforms) = postSolution
		{0E0031C9-D1AC-4F0D-A97F-E193229103EA}.Debug|Any CPU.ActiveCfg = Debug|Any CPU
		{0E0031C9-D1AC-4F0D-A97F-E193229103EA}.Debug|Any CPU.Build.0 = Debug|Any CPU
		{0E0031C9-D1AC-4F0D-A97F-E193229103EA}.Release|Any CPU.ActiveCfg = Release|Any CPU
		{0E0031C9-D1AC-4F0D-A97F-E193229103EA}.Release|Any CPU.Build.0 = Release|Any CPU
		{8DF1A2F3-7862-4211-9251-C7A8DA108FF8}.Debug|Any CPU.ActiveCfg = Debug|Any CPU
		{8DF1A2F3-7862-4211-9251-C7A8DA108FF8}.Debug|Any CPU.Build.0 = Debug|Any CPU
		{8DF1A2F3-7862-4211-9251-C7A8DA108FF8}.Release|Any CPU.ActiveCfg = Release|Any CPU
		{8DF1A2F3-7862-4211-9251-C7A8DA108FF8}.Release|Any CPU.Build.0 = Release|Any CPU
	EndGlobalSection
	GlobalSection(SolutionProperties) = preSolution
		HideSolutionNode = FALSE
	EndGlobalSection
	GlobalSection(ExtensibilityGlobals) = postSolution
		SolutionGuid = {F8616CB2-3F4B-4679-8BA5-AB3AC9A2F2D6}
	EndGlobalSection
EndGlobal
